
Microsoft Visual Studio Solution File, Format Version 12.00
# Visual Studio Version 17
VisualStudioVersion = 17.2.32630.192
MinimumVisualStudioVersion = 10.0.40219.1
Project("{8BC9CEB8-8B4A-11D0-8D11-00A0C91BC942}") = "battle ship", "battle ship.vcxproj", "{641AA48A-56CF-41D5-955B-E7816ADDB002}"
EndProject
Global
	GlobalSection(SolutionConfigurationPlatforms) = preSolution
		Debug|x64 = Debug|x64
		Debug|x86 = Debug|x86
		Release|x64 = Release|x64
		Release|x86 = Release|x86
	EndGlobalSection
	GlobalSection(ProjectConfigurationPlatforms) = postSolution
		{641AA48A-56CF-41D5-955B-E7816ADDB002}.Debug|x64.ActiveCfg = Debug|x64
		{641AA48A-56CF-41D5-955B-E7816ADDB002}.Debug|x64.Build.0 = Debug|x64
		{641AA48A-56CF-41D5-955B-E7816ADDB002}.Debug|x86.ActiveCfg = Debug|Win32
		{641AA48A-56CF-41D5-955B-E7816ADDB002}.Debug|x86.Build.0 = Debug|Win32
		{641AA48A-56CF-41D5-955B-E7816ADDB002}.Release|x64.ActiveCfg = Release|x64
		{641AA48A-56CF-41D5-955B-E7816ADDB002}.Release|x64.Build.0 = Release|x64
		{641AA48A-56CF-41D5-955B-E7816ADDB002}.Release|x86.ActiveCfg = Release|Win32
		{641AA48A-56CF-41D5-955B-E7816ADDB002}.Release|x86.Build.0 = Release|Win32
	EndGlobalSection
	GlobalSection(SolutionProperties) = preSolution
		HideSolutionNode = FALSE
	EndGlobalSection
	GlobalSection(ExtensibilityGlobals) = postSolution
		SolutionGuid = {E6A112E9-1C9F-42C6-9911-478CF5E30932}
	EndGlobalSection
EndGlobal
